<Solution>
  <Folder Name="/Shared/">
    <Project Path="../Teledok.Api.Shared/Teledok.Api.Shared.csproj" />
    <Project Path="../Teledok.Application.Shared/Teledok.Application.Shared.csproj" />
    <Project Path="../Teledok.Contracts.Shared/Teledok.Contracts.Shared.csproj" />
    <Project Path="../Teledok.Domain.Shared/Teledok.Domain.Shared.csproj" />
  </Folder>
  <Project Path="../Teledok.Application/Teledok.Application.csproj" />
  <Project Path="../Teledok.Domain/Teledok.Domain.csproj" />
  <Project Path="../Teledok.Infrastructure/Teledok.Infrastructure.csproj" />
  <Project Path="Teledok.Api.csproj" />
</Solution>
